
Microsoft Visual Studio Solution File, Format Version 12.00
# Visual Studio Version 16
VisualStudioVersion = 16.0.31911.196
MinimumVisualStudioVersion = 10.0.40219.1
Project("{FAE04EC0-301F-11D3-BF4B-00C04F79EFBC}") = "MultiClock Takbar", "MultiClock Takbar\MultiClock Takbar.csproj", "{FB633473-8533-44E0-846D-E98B164F1F13}"
EndProject
Global
	GlobalSection(SolutionConfigurationPlatforms) = preSolution
		Debug|Any CPU = Debug|Any CPU
		Release|Any CPU = Release|Any CPU
	EndGlobalSection
	GlobalSection(ProjectConfigurationPlatforms) = postSolution
		{FB633473-8533-44E0-846D-E98B164F1F13}.Debug|Any CPU.ActiveCfg = Debug|Any CPU
		{FB633473-8533-44E0-846D-E98B164F1F13}.Debug|Any CPU.Build.0 = Debug|Any CPU
		{FB633473-8533-44E0-846D-E98B164F1F13}.Release|Any CPU.ActiveCfg = Release|Any CPU
		{FB633473-8533-44E0-846D-E98B164F1F13}.Release|Any CPU.Build.0 = Release|Any CPU
	EndGlobalSection
	GlobalSection(SolutionProperties) = preSolution
		HideSolutionNode = FALSE
	EndGlobalSection
	GlobalSection(ExtensibilityGlobals) = postSolution
		SolutionGuid = {D987D0DD-E53D-4675-BF9D-C5F62D35958A}
	EndGlobalSection
EndGlobal
